{
    "_meta": {
        "hash": {
            "sha256": "2db54401670263473cff5202d1d50f90866cda21d9696f927ad609d751d3b151"
        },
        "pipfile-spec": 6,
        "requires": {
            "python_version": "3.9"
        },
        "sources": [
            {
                "name": "pypi",
                "url": "https://pypi.org/simple",
                "verify_ssl": true
            }
        ]
    },
    "default": {
        "asgiref": {
            "hashes": [
                "sha256:71e68008da809b957b7ee4b43dbccff33d1b23519fb8344e33f049897077afac",
                "sha256:9567dfe7bd8d3c8c892227827c41cce860b368104c3431da67a0c5a65a949506"
            ],
            "markers": "python_version >= '3.7'",
            "version": "==3.6.0"
        },
        "django": {
            "hashes": [
                "sha256:59c39fc342b242fb42b6b040ad8b1b4c15df438706c1d970d416d63cdd73e7fd",
                "sha256:644288341f06ebe4938eec6801b6bd59a6534a78e4aedde2a153075d11143894"
            ],
            "index": "pypi",
            "version": "==3.2.17"
        },
        "pymysql": {
            "hashes": [
                "sha256:41fc3a0c5013d5f039639442321185532e3e2c8924687abe6537de157d403641",
                "sha256:816927a350f38d56072aeca5dfb10221fe1dc653745853d30a216637f5d7ad36"
            ],
            "index": "pypi",
            "version": "==1.0.2"
        },
        "pytz": {
            "hashes": [
                "sha256:3672058bc3453457b622aab7a1c3bfd5ab0bdae451512f6cf25f64ed37f5b87c",
                "sha256:acad2d8b20a1af07d4e4c9d2e9285c5ed9104354062f275f3fcd88dcef4f1326"
            ],
            "index": "pypi",
            "version": "==2021.3"
        },
        "sqlparse": {
            "hashes": [
                "sha256:0323c0ec29cd52bceabc1b4d9d579e311f3e4961b98d174201d5622a23b85e34",
                "sha256:69ca804846bb114d2ec380e4360a8a340db83f0ccf3afceeb1404df028f57268"
            ],
            "markers": "python_version >= '3.5'",
            "version": "==0.4.3"
        }
    },
    "develop": {}
}
