{
    "_meta": {
        "hash": {
            "sha256": "f3fdb43f404d01528cda1890f103f281bc6442309b01a13da8218dc6746b491c"
        },
        "pipfile-spec": 6,
        "requires": {
            "python_version": "3.9"
        },
        "sources": [
            {
                "name": "pypi",
                "url": "https://pypi.org/simple",
                "verify_ssl": true
            }
        ]
    },
    "default": {
        "asgiref": {
            "hashes": [
                "sha256:3e1e3ecc849832fe52ccf2cb6686b7a55f82bb1d6aee72a58826471390335e47",
                "sha256:c343bd80a0bec947a9860adb4c432ffa7db769836c64238fc34bdc3fec84d590"
            ],
            "markers": "python_version >= '3.8'",
            "version": "==3.8.1"
        },
        "django": {
            "hashes": [
                "sha256:0a32773b5b7f4e774a155ee253ab24a841fed7e9e9061db08bf2ce9711da404d",
                "sha256:e726764b094407c313adba5e2e866ab88f00436cad85c540a5bf76dc0a912c9e"
            ],
            "index": "pypi",
            "markers": "python_version >= '3.8'",
            "version": "==4.2.22"
        },
        "pymysql": {
            "hashes": [
                "sha256:41fc3a0c5013d5f039639442321185532e3e2c8924687abe6537de157d403641",
                "sha256:816927a350f38d56072aeca5dfb10221fe1dc653745853d30a216637f5d7ad36"
            ],
            "index": "pypi",
            "version": "==1.0.2"
        },
        "pytz": {
            "hashes": [
                "sha256:3672058bc3453457b622aab7a1c3bfd5ab0bdae451512f6cf25f64ed37f5b87c",
                "sha256:acad2d8b20a1af07d4e4c9d2e9285c5ed9104354062f275f3fcd88dcef4f1326"
            ],
            "index": "pypi",
            "version": "==2021.3"
        },
        "sqlparse": {
            "hashes": [
                "sha256:09f67787f56a0b16ecdbde1bfc7f5d9c3371ca683cfeaa8e6ff60b4807ec9272",
                "sha256:cf2196ed3418f3ba5de6af7e82c694a9fbdbfecccdfc72e281548517081f16ca"
            ],
            "markers": "python_version >= '3.8'",
            "version": "==0.5.3"
        },
        "typing-extensions": {
            "hashes": [
                "sha256:8676b788e32f02ab42d9e7c61324048ae4c6d844a399eebace3d4979d75ceef4",
                "sha256:a1514509136dd0b477638fc68d6a91497af5076466ad0fa6c338e44e359944af"
            ],
            "markers": "python_version >= '3.9'",
            "version": "==4.14.0"
        }
    },
    "develop": {}
}
